# THIS IS AN AUTOGENERATED FILE. DO NOT EDIT THIS FILE DIRECTLY.
# yarn lockfile v1


rrule@^2.2.0:
  version "2.2.0"
  resolved "https://registry.yarnpkg.com/rrule/-/rrule-2.2.0.tgz#f346c523bf73707dafe562c222650467b49f6d5c"

vue@^2.5.13:
  version "2.5.13"
  resolved "https://registry.yarnpkg.com/vue/-/vue-2.5.13.tgz#95bd31e20efcf7a7f39239c9aa6787ce8cf578e1"
